version = 1
revision = 3
requires-python = ">=3.11, <3.13"

[[package]]
name = "asgiref"
version = "3.9.1"
source = { registry = "https://pypi.org/simple" }
sdist = { url = "https://files.pythonhosted.org/packages/90/61/0aa957eec22ff70b830b22ff91f825e70e1ef732c06666a805730f28b36b/asgiref-3.9.1.tar.gz", hash = "sha256:a5ab6582236218e5ef1648f242fd9f10626cfd4de8dc377db215d5d5098e3142", size = 36870, upload-time = "2025-07-08T09:07:43.344Z" }
wheels = [
    { url = "https://files.pythonhosted.org/packages/7c/3c/0464dcada90d5da0e71018c04a140ad6349558afb30b3051b4264cc5b965/asgiref-3.9.1-py3-none-any.whl", hash = "sha256:f3bba7092a48005b5f5bacd747d36ee4a5a61f4a269a6df590b43144355ebd2c", size = 23790, upload-time = "2025-07-08T09:07:41.548Z" },
]

[[package]]
name = "certifi"
version = "2025.8.3"
source = { registry = "https://pypi.org/simple" }
sdist = { url = "https://files.pythonhosted.org/packages/dc/67/960ebe6bf230a96cda2e0abcf73af550ec4f090005363542f0765df162e0/certifi-2025.8.3.tar.gz", hash = "sha256:e564105f78ded564e3ae7c923924435e1daa7463faeab5bb932bc53ffae63407", size = 162386, upload-time = "2025-08-03T03:07:47.08Z" }
wheels = [
    { url = "https://files.pythonhosted.org/packages/e5/48/1549795ba7742c948d2ad169c1c8cdbae65bc450d6cd753d124b17c8cd32/certifi-2025.8.3-py3-none-any.whl", hash = "sha256:f6c12493cfb1b06ba2ff328595af9350c65d6644968e5d3a2ffd78699af217a5", size = 161216, upload-time = "2025-08-03T03:07:45.777Z" },
]

[[package]]
name = "dj-database-url"
version = "3.0.1"
source = { registry = "https://pypi.org/simple" }
dependencies = [
    { name = "django" },
]
sdist = { url = "https://files.pythonhosted.org/packages/75/05/2ec51009f4ce424877dbd8ad95868faec0c3494ed0ff1635f9ab53d9e0ee/dj_database_url-3.0.1.tar.gz", hash = "sha256:8994961efb888fc6bf8c41550870c91f6f7691ca751888ebaa71442b7f84eff8", size = 12556, upload-time = "2025-07-02T09:40:11.424Z" }
wheels = [
    { url = "https://files.pythonhosted.org/packages/aa/5e/86a43c6fdaa41c12d58e4ff3ebbfd6b71a7cb0360a08614e3754ef2e9afb/dj_database_url-3.0.1-py3-none-any.whl", hash = "sha256:43950018e1eeea486bf11136384aec0fe55b29fe6fd8a44553231b85661d9383", size = 8808, upload-time = "2025-07-02T09:40:26.326Z" },
]

[[package]]
name = "django"
version = "5.2.5"
source = { registry = "https://pypi.org/simple" }
dependencies = [
    { name = "asgiref" },
    { name = "sqlparse" },
    { name = "tzdata", marker = "sys_platform == 'win32'" },
]
sdist = { url = "https://files.pythonhosted.org/packages/62/9b/779f853c3d2d58b9e08346061ff3e331cdec3fe3f53aae509e256412a593/django-5.2.5.tar.gz", hash = "sha256:0745b25681b129a77aae3d4f6549b62d3913d74407831abaa0d9021a03954bae", size = 10859748, upload-time = "2025-08-06T08:26:29.978Z" }
wheels = [
    { url = "https://files.pythonhosted.org/packages/9d/6e/98a1d23648e0085bb5825326af17612ecd8fc76be0ce96ea4dc35e17b926/django-5.2.5-py3-none-any.whl", hash = "sha256:2b2ada0ee8a5ff743a40e2b9820d1f8e24c11bac9ae6469cd548f0057ea6ddcd", size = 8302999, upload-time = "2025-08-06T08:26:23.562Z" },
]

[[package]]
name = "django-jobboard"
version = "0.1.0"
source = { virtual = "." }
dependencies = [
    { name = "dj-database-url" },
    { name = "django" },
    { name = "djangorestframework" },
    { name = "djangorestframework-simplejwt" },
    { name = "elasticsearch" },
    { name = "gunicorn" },
    { name = "psycopg", extra = ["binary"] },
    { name = "python-dotenv" },
]

[package.metadata]
requires-dist = [
    { name = "dj-database-url", specifier = ">=2.2" },
    { name = "django", specifier = ">=5.0,<6.0" },
    { name = "djangorestframework", specifier = ">=3.14,<4" },
    { name = "djangorestframework-simplejwt", specifier = ">=5.5.1" },
    { name = "elasticsearch", specifier = ">=9.1.0" },
    { name = "gunicorn", specifier = ">=21.2" },
    { name = "psycopg", extras = ["binary"], specifier = ">=3.1" },
    { name = "python-dotenv", specifier = ">=1.0" },
]

[[package]]
name = "djangorestframework"
version = "3.16.1"
source = { registry = "https://pypi.org/simple" }
dependencies = [
    { name = "django" },
]
sdist = { url = "https://files.pythonhosted.org/packages/8a/95/5376fe618646fde6899b3cdc85fd959716bb67542e273a76a80d9f326f27/djangorestframework-3.16.1.tar.gz", hash = "sha256:166809528b1aced0a17dc66c24492af18049f2c9420dbd0be29422029cfc3ff7", size = 1089735, upload-time = "2025-08-06T17:50:53.251Z" }
wheels = [
    { url = "https://files.pythonhosted.org/packages/b0/ce/bf8b9d3f415be4ac5588545b5fcdbbb841977db1c1d923f7568eeabe1689/djangorestframework-3.16.1-py3-none-any.whl", hash = "sha256:33a59f47fb9c85ede792cbf88bde71893bcda0667bc573f784649521f1102cec", size = 1080442, upload-time = "2025-08-06T17:50:50.667Z" },
]

[[package]]
name = "djangorestframework-simplejwt"
version = "5.5.1"
source = { registry = "https://pypi.org/simple" }
dependencies = [
    { name = "django" },
    { name = "djangorestframework" },
    { name = "pyjwt" },
]
sdist = { url = "https://files.pythonhosted.org/packages/a8/27/2874a325c11112066139769f7794afae238a07ce6adf96259f08fd37a9d7/djangorestframework_simplejwt-5.5.1.tar.gz", hash = "sha256:e72c5572f51d7803021288e2057afcbd03f17fe11d484096f40a460abc76e87f", size = 101265, upload-time = "2025-07-21T16:52:25.026Z" }
wheels = [
    { url = "https://files.pythonhosted.org/packages/60/94/fdfb7b2f0b16cd3ed4d4171c55c1c07a2d1e3b106c5978c8ad0c15b4a48b/djangorestframework_simplejwt-5.5.1-py3-none-any.whl", hash = "sha256:2c30f3707053d384e9f315d11c2daccfcb548d4faa453111ca19a542b732e469", size = 107674, upload-time = "2025-07-21T16:52:07.493Z" },
]

[[package]]
name = "elastic-transport"
version = "9.1.0"
source = { registry = "https://pypi.org/simple" }
dependencies = [
    { name = "certifi" },
    { name = "urllib3" },
]
sdist = { url = "https://files.pythonhosted.org/packages/ae/1f/2d1a1790df2b75e1e1eb90d8a3fe066a47ef95e34430657447e549cc274c/elastic_transport-9.1.0.tar.gz", hash = "sha256:1590e44a25b0fe208107d5e8d7dea15c070525f3ac9baafbe4cb659cd14f073d", size = 76483, upload-time = "2025-07-24T16:41:31.017Z" }
wheels = [
    { url = "https://files.pythonhosted.org/packages/ef/5d/dd5a919dd887fe20a91f18faf5b4345ee3a058e483d2aa84cef0f2567e17/elastic_transport-9.1.0-py3-none-any.whl", hash = "sha256:369fa56874c74daae4ea10cbf40636d139f38f42bec0e006b9cd45a168ee7fce", size = 65142, upload-time = "2025-07-24T16:41:29.648Z" },
]

[[package]]
name = "elasticsearch"
version = "9.1.0"
source = { registry = "https://pypi.org/simple" }
dependencies = [
    { name = "elastic-transport" },
    { name = "python-dateutil" },
    { name = "typing-extensions" },
]
sdist = { url = "https://files.pythonhosted.org/packages/29/1e/22097cdcdfcdd3bdb417e339d97e7cdb4618f480a0abb8410065d0b08415/elasticsearch-9.1.0.tar.gz", hash = "sha256:764d2f724eac94f6bf9903e4feae07112643a9efcfdc5c868c1b69bd48c52e09", size = 848897, upload-time = "2025-07-30T08:54:52.253Z" }
wheels = [
    { url = "https://files.pythonhosted.org/packages/f3/90/922dcce6273efe7663ad10ed01f122cd09ecf1845855f4b27741c432920f/elasticsearch-9.1.0-py3-none-any.whl", hash = "sha256:96bb473dc70dbd94c37c4b05a0d2511af95d1b2db1657796f42546ef631cbbe4", size = 929547, upload-time = "2025-07-30T08:54:47.949Z" },
]

[[package]]
name = "gunicorn"
version = "23.0.0"
source = { registry = "https://pypi.org/simple" }
dependencies = [
    { name = "packaging" },
]
sdist = { url = "https://files.pythonhosted.org/packages/34/72/9614c465dc206155d93eff0ca20d42e1e35afc533971379482de953521a4/gunicorn-23.0.0.tar.gz", hash = "sha256:f014447a0101dc57e294f6c18ca6b40227a4c90e9bdb586042628030cba004ec", size = 375031, upload-time = "2024-08-10T20:25:27.378Z" }
wheels = [
    { url = "https://files.pythonhosted.org/packages/cb/7d/6dac2a6e1eba33ee43f318edbed4ff29151a49b5d37f080aad1e6469bca4/gunicorn-23.0.0-py3-none-any.whl", hash = "sha256:ec400d38950de4dfd418cff8328b2c8faed0edb0d517d3394e457c317908ca4d", size = 85029, upload-time = "2024-08-10T20:25:24.996Z" },
]

[[package]]
name = "packaging"
version = "25.0"
source = { registry = "https://pypi.org/simple" }
sdist = { url = "https://files.pythonhosted.org/packages/a1/d4/1fc4078c65507b51b96ca8f8c3ba19e6a61c8253c72794544580a7b6c24d/packaging-25.0.tar.gz", hash = "sha256:d443872c98d677bf60f6a1f2f8c1cb748e8fe762d2bf9d3148b5599295b0fc4f", size = 165727, upload-time = "2025-04-19T11:48:59.673Z" }
wheels = [
    { url = "https://files.pythonhosted.org/packages/20/12/38679034af332785aac8774540895e234f4d07f7545804097de4b666afd8/packaging-25.0-py3-none-any.whl", hash = "sha256:29572ef2b1f17581046b3a2227d5c611fb25ec70ca1ba8554b24b0e69331a484", size = 66469, upload-time = "2025-04-19T11:48:57.875Z" },
]

[[package]]
name = "psycopg"
version = "3.2.9"
source = { registry = "https://pypi.org/simple" }
dependencies = [
    { name = "typing-extensions" },
    { name = "tzdata", marker = "sys_platform == 'win32'" },
]
sdist = { url = "https://files.pythonhosted.org/packages/27/4a/93a6ab570a8d1a4ad171a1f4256e205ce48d828781312c0bbaff36380ecb/psycopg-3.2.9.tar.gz", hash = "sha256:2fbb46fcd17bc81f993f28c47f1ebea38d66ae97cc2dbc3cad73b37cefbff700", size = 158122, upload-time = "2025-05-13T16:11:15.533Z" }
wheels = [
    { url = "https://files.pythonhosted.org/packages/44/b0/a73c195a56eb6b92e937a5ca58521a5c3346fb233345adc80fd3e2f542e2/psycopg-3.2.9-py3-none-any.whl", hash = "sha256:01a8dadccdaac2123c916208c96e06631641c0566b22005493f09663c7a8d3b6", size = 202705, upload-time = "2025-05-13T16:06:26.584Z" },
]

[package.optional-dependencies]
binary = [
    { name = "psycopg-binary", marker = "implementation_name != 'pypy'" },
]

[[package]]
name = "psycopg-binary"
version = "3.2.9"
source = { registry = "https://pypi.org/simple" }
wheels = [
    { url = "https://files.pythonhosted.org/packages/b6/84/259ea58aca48e03c3c793b4ccfe39ed63db7b8081ef784d039330d9eed96/psycopg_binary-3.2.9-cp311-cp311-macosx_10_9_x86_64.whl", hash = "sha256:2504e9fd94eabe545d20cddcc2ff0da86ee55d76329e1ab92ecfcc6c0a8156c4", size = 4040785, upload-time = "2025-05-13T16:07:07.569Z" },
    { url = "https://files.pythonhosted.org/packages/25/22/ce58ffda2b7e36e45042b4d67f1bbd4dd2ccf4cfd2649696685c61046475/psycopg_binary-3.2.9-cp311-cp311-macosx_11_0_arm64.whl", hash = "sha256:093a0c079dd6228a7f3c3d82b906b41964eaa062a9a8c19f45ab4984bf4e872b", size = 4087601, upload-time = "2025-05-13T16:07:11.75Z" },
    { url = "https://files.pythonhosted.org/packages/c6/4f/b043e85268650c245025e80039b79663d8986f857bc3d3a72b1de67f3550/psycopg_binary-3.2.9-cp311-cp311-manylinux_2_17_aarch64.manylinux2014_aarch64.whl", hash = "sha256:387c87b51d72442708e7a853e7e7642717e704d59571da2f3b29e748be58c78a", size = 4676524, upload-time = "2025-05-13T16:07:17.038Z" },
    { url = "https://files.pythonhosted.org/packages/da/29/7afbfbd3740ea52fda488db190ef2ef2a9ff7379b85501a2142fb9f7dd56/psycopg_binary-3.2.9-cp311-cp311-manylinux_2_17_i686.manylinux2014_i686.whl", hash = "sha256:d9ac10a2ebe93a102a326415b330fff7512f01a9401406896e78a81d75d6eddc", size = 4495671, upload-time = "2025-05-13T16:07:21.709Z" },
    { url = "https://files.pythonhosted.org/packages/ea/eb/df69112d18a938cbb74efa1573082248437fa663ba66baf2cdba8a95a2d0/psycopg_binary-3.2.9-cp311-cp311-manylinux_2_17_ppc64le.manylinux2014_ppc64le.whl", hash = "sha256:72fdbda5b4c2a6a72320857ef503a6589f56d46821592d4377c8c8604810342b", size = 4768132, upload-time = "2025-05-13T16:07:25.818Z" },
    { url = "https://files.pythonhosted.org/packages/76/fe/4803b20220c04f508f50afee9169268553f46d6eed99640a08c8c1e76409/psycopg_binary-3.2.9-cp311-cp311-manylinux_2_17_x86_64.manylinux2014_x86_64.whl", hash = "sha256:f34e88940833d46108f949fdc1fcfb74d6b5ae076550cd67ab59ef47555dba95", size = 4458394, upload-time = "2025-05-13T16:07:29.148Z" },
    { url = "https://files.pythonhosted.org/packages/0f/0f/5ecc64607ef6f62b04e610b7837b1a802ca6f7cb7211339f5d166d55f1dd/psycopg_binary-3.2.9-cp311-cp311-musllinux_1_2_aarch64.whl", hash = "sha256:a3e0f89fe35cb03ff1646ab663dabf496477bab2a072315192dbaa6928862891", size = 3776879, upload-time = "2025-05-13T16:07:32.503Z" },
    { url = "https://files.pythonhosted.org/packages/c8/d8/1c3d6e99b7db67946d0eac2cd15d10a79aa7b1e3222ce4aa8e7df72027f5/psycopg_binary-3.2.9-cp311-cp311-musllinux_1_2_i686.whl", hash = "sha256:6afb3e62f2a3456f2180a4eef6b03177788df7ce938036ff7f09b696d418d186", size = 3333329, upload-time = "2025-05-13T16:07:35.555Z" },
    { url = "https://files.pythonhosted.org/packages/d7/02/a4e82099816559f558ccaf2b6945097973624dc58d5d1c91eb1e54e5a8e9/psycopg_binary-3.2.9-cp311-cp311-musllinux_1_2_ppc64le.whl", hash = "sha256:cc19ed5c7afca3f6b298bfc35a6baa27adb2019670d15c32d0bb8f780f7d560d", size = 3435683, upload-time = "2025-05-13T16:07:37.863Z" },
    { url = "https://files.pythonhosted.org/packages/91/e4/f27055290d58e8818bed8a297162a096ef7f8ecdf01d98772d4b02af46c4/psycopg_binary-3.2.9-cp311-cp311-musllinux_1_2_x86_64.whl", hash = "sha256:bc75f63653ce4ec764c8f8c8b0ad9423e23021e1c34a84eb5f4ecac8538a4a4a", size = 3497124, upload-time = "2025-05-13T16:07:40.567Z" },
    { url = "https://files.pythonhosted.org/packages/67/3d/17ed07579625529534605eeaeba34f0536754a5667dbf20ea2624fc80614/psycopg_binary-3.2.9-cp311-cp311-win_amd64.whl", hash = "sha256:3db3ba3c470801e94836ad78bf11fd5fab22e71b0c77343a1ee95d693879937a", size = 2939520, upload-time = "2025-05-13T16:07:45.467Z" },
    { url = "https://files.pythonhosted.org/packages/29/6f/ec9957e37a606cd7564412e03f41f1b3c3637a5be018d0849914cb06e674/psycopg_binary-3.2.9-cp312-cp312-macosx_10_13_x86_64.whl", hash = "sha256:be7d650a434921a6b1ebe3fff324dbc2364393eb29d7672e638ce3e21076974e", size = 4022205, upload-time = "2025-05-13T16:07:48.195Z" },
    { url = "https://files.pythonhosted.org/packages/6b/ba/497b8bea72b20a862ac95a94386967b745a472d9ddc88bc3f32d5d5f0d43/psycopg_binary-3.2.9-cp312-cp312-macosx_11_0_arm64.whl", hash = "sha256:6a76b4722a529390683c0304501f238b365a46b1e5fb6b7249dbc0ad6fea51a0", size = 4083795, upload-time = "2025-05-13T16:07:50.917Z" },
    { url = "https://files.pythonhosted.org/packages/42/07/af9503e8e8bdad3911fd88e10e6a29240f9feaa99f57d6fac4a18b16f5a0/psycopg_binary-3.2.9-cp312-cp312-manylinux_2_17_aarch64.manylinux2014_aarch64.whl", hash = "sha256:96a551e4683f1c307cfc3d9a05fec62c00a7264f320c9962a67a543e3ce0d8ff", size = 4655043, upload-time = "2025-05-13T16:07:54.857Z" },
    { url = "https://files.pythonhosted.org/packages/28/ed/aff8c9850df1648cc6a5cc7a381f11ee78d98a6b807edd4a5ae276ad60ad/psycopg_binary-3.2.9-cp312-cp312-manylinux_2_17_i686.manylinux2014_i686.whl", hash = "sha256:61d0a6ceed8f08c75a395bc28cb648a81cf8dee75ba4650093ad1a24a51c8724", size = 4477972, upload-time = "2025-05-13T16:07:57.925Z" },
    { url = "https://files.pythonhosted.org/packages/5c/bd/8e9d1b77ec1a632818fe2f457c3a65af83c68710c4c162d6866947d08cc5/psycopg_binary-3.2.9-cp312-cp312-manylinux_2_17_ppc64le.manylinux2014_ppc64le.whl", hash = "sha256:ad280bbd409bf598683dda82232f5215cfc5f2b1bf0854e409b4d0c44a113b1d", size = 4737516, upload-time = "2025-05-13T16:08:01.616Z" },
    { url = "https://files.pythonhosted.org/packages/46/ec/222238f774cd5a0881f3f3b18fb86daceae89cc410f91ef6a9fb4556f236/psycopg_binary-3.2.9-cp312-cp312-manylinux_2_17_x86_64.manylinux2014_x86_64.whl", hash = "sha256:76eddaf7fef1d0994e3d536ad48aa75034663d3a07f6f7e3e601105ae73aeff6", size = 4436160, upload-time = "2025-05-13T16:08:04.278Z" },
    { url = "https://files.pythonhosted.org/packages/37/78/af5af2a1b296eeca54ea7592cd19284739a844974c9747e516707e7b3b39/psycopg_binary-3.2.9-cp312-cp312-musllinux_1_2_aarch64.whl", hash = "sha256:52e239cd66c4158e412318fbe028cd94b0ef21b0707f56dcb4bdc250ee58fd40", size = 3753518, upload-time = "2025-05-13T16:08:07.567Z" },
    { url = "https://files.pythonhosted.org/packages/ec/ac/8a3ed39ea069402e9e6e6a2f79d81a71879708b31cc3454283314994b1ae/psycopg_binary-3.2.9-cp312-cp312-musllinux_1_2_i686.whl", hash = "sha256:08bf9d5eabba160dd4f6ad247cf12f229cc19d2458511cab2eb9647f42fa6795", size = 3313598, upload-time = "2025-05-13T16:08:09.999Z" },
    { url = "https://files.pythonhosted.org/packages/da/43/26549af068347c808fbfe5f07d2fa8cef747cfff7c695136172991d2378b/psycopg_binary-3.2.9-cp312-cp312-musllinux_1_2_ppc64le.whl", hash = "sha256:1b2cf018168cad87580e67bdde38ff5e51511112f1ce6ce9a8336871f465c19a", size = 3407289, upload-time = "2025-05-13T16:08:12.66Z" },
    { url = "https://files.pythonhosted.org/packages/67/55/ea8d227c77df8e8aec880ded398316735add8fda5eb4ff5cc96fac11e964/psycopg_binary-3.2.9-cp312-cp312-musllinux_1_2_x86_64.whl", hash = "sha256:14f64d1ac6942ff089fc7e926440f7a5ced062e2ed0949d7d2d680dc5c00e2d4", size = 3472493, upload-time = "2025-05-13T16:08:15.672Z" },
    { url = "https://files.pythonhosted.org/packages/3c/02/6ff2a5bc53c3cd653d281666728e29121149179c73fddefb1e437024c192/psycopg_binary-3.2.9-cp312-cp312-win_amd64.whl", hash = "sha256:7a838852e5afb6b4126f93eb409516a8c02a49b788f4df8b6469a40c2157fa21", size = 2927400, upload-time = "2025-05-13T16:08:18.652Z" },
]

[[package]]
name = "pyjwt"
version = "2.10.1"
source = { registry = "https://pypi.org/simple" }
sdist = { url = "https://files.pythonhosted.org/packages/e7/46/bd74733ff231675599650d3e47f361794b22ef3e3770998dda30d3b63726/pyjwt-2.10.1.tar.gz", hash = "sha256:3cc5772eb20009233caf06e9d8a0577824723b44e6648ee0a2aedb6cf9381953", size = 87785, upload-time = "2024-11-28T03:43:29.933Z" }
wheels = [
    { url = "https://files.pythonhosted.org/packages/61/ad/689f02752eeec26aed679477e80e632ef1b682313be70793d798c1d5fc8f/PyJWT-2.10.1-py3-none-any.whl", hash = "sha256:dcdd193e30abefd5debf142f9adfcdd2b58004e644f25406ffaebd50bd98dacb", size = 22997, upload-time = "2024-11-28T03:43:27.893Z" },
]

[[package]]
name = "python-dateutil"
version = "2.9.0.post0"
source = { registry = "https://pypi.org/simple" }
dependencies = [
    { name = "six" },
]
sdist = { url = "https://files.pythonhosted.org/packages/66/c0/0c8b6ad9f17a802ee498c46e004a0eb49bc148f2fd230864601a86dcf6db/python-dateutil-2.9.0.post0.tar.gz", hash = "sha256:37dd54208da7e1cd875388217d5e00ebd4179249f90fb72437e91a35459a0ad3", size = 342432, upload-time = "2024-03-01T18:36:20.211Z" }
wheels = [
    { url = "https://files.pythonhosted.org/packages/ec/57/56b9bcc3c9c6a792fcbaf139543cee77261f3651ca9da0c93f5c1221264b/python_dateutil-2.9.0.post0-py2.py3-none-any.whl", hash = "sha256:a8b2bc7bffae282281c8140a97d3aa9c14da0b136dfe83f850eea9a5f7470427", size = 229892, upload-time = "2024-03-01T18:36:18.57Z" },
]

[[package]]
name = "python-dotenv"
version = "1.1.1"
source = { registry = "https://pypi.org/simple" }
sdist = { url = "https://files.pythonhosted.org/packages/f6/b0/4bc07ccd3572a2f9df7e6782f52b0c6c90dcbb803ac4a167702d7d0dfe1e/python_dotenv-1.1.1.tar.gz", hash = "sha256:a8a6399716257f45be6a007360200409fce5cda2661e3dec71d23dc15f6189ab", size = 41978, upload-time = "2025-06-24T04:21:07.341Z" }
wheels = [
    { url = "https://files.pythonhosted.org/packages/5f/ed/539768cf28c661b5b068d66d96a2f155c4971a5d55684a514c1a0e0dec2f/python_dotenv-1.1.1-py3-none-any.whl", hash = "sha256:31f23644fe2602f88ff55e1f5c79ba497e01224ee7737937930c448e4d0e24dc", size = 20556, upload-time = "2025-06-24T04:21:06.073Z" },
]

[[package]]
name = "six"
version = "1.17.0"
source = { registry = "https://pypi.org/simple" }
sdist = { url = "https://files.pythonhosted.org/packages/94/e7/b2c673351809dca68a0e064b6af791aa332cf192da575fd474ed7d6f16a2/six-1.17.0.tar.gz", hash = "sha256:ff70335d468e7eb6ec65b95b99d3a2836546063f63acc5171de367e834932a81", size = 34031, upload-time = "2024-12-04T17:35:28.174Z" }
wheels = [
    { url = "https://files.pythonhosted.org/packages/b7/ce/149a00dd41f10bc29e5921b496af8b574d8413afcd5e30dfa0ed46c2cc5e/six-1.17.0-py2.py3-none-any.whl", hash = "sha256:4721f391ed90541fddacab5acf947aa0d3dc7d27b2e1e8eda2be8970586c3274", size = 11050, upload-time = "2024-12-04T17:35:26.475Z" },
]

[[package]]
name = "sqlparse"
version = "0.5.3"
source = { registry = "https://pypi.org/simple" }
sdist = { url = "https://files.pythonhosted.org/packages/e5/40/edede8dd6977b0d3da179a342c198ed100dd2aba4be081861ee5911e4da4/sqlparse-0.5.3.tar.gz", hash = "sha256:09f67787f56a0b16ecdbde1bfc7f5d9c3371ca683cfeaa8e6ff60b4807ec9272", size = 84999, upload-time = "2024-12-10T12:05:30.728Z" }
wheels = [
    { url = "https://files.pythonhosted.org/packages/a9/5c/bfd6bd0bf979426d405cc6e71eceb8701b148b16c21d2dc3c261efc61c7b/sqlparse-0.5.3-py3-none-any.whl", hash = "sha256:cf2196ed3418f3ba5de6af7e82c694a9fbdbfecccdfc72e281548517081f16ca", size = 44415, upload-time = "2024-12-10T12:05:27.824Z" },
]

[[package]]
name = "typing-extensions"
version = "4.14.1"
source = { registry = "https://pypi.org/simple" }
sdist = { url = "https://files.pythonhosted.org/packages/98/5a/da40306b885cc8c09109dc2e1abd358d5684b1425678151cdaed4731c822/typing_extensions-4.14.1.tar.gz", hash = "sha256:38b39f4aeeab64884ce9f74c94263ef78f3c22467c8724005483154c26648d36", size = 107673, upload-time = "2025-07-04T13:28:34.16Z" }
wheels = [
    { url = "https://files.pythonhosted.org/packages/b5/00/d631e67a838026495268c2f6884f3711a15a9a2a96cd244fdaea53b823fb/typing_extensions-4.14.1-py3-none-any.whl", hash = "sha256:d1e1e3b58374dc93031d6eda2420a48ea44a36c2b4766a4fdeb3710755731d76", size = 43906, upload-time = "2025-07-04T13:28:32.743Z" },
]

[[package]]
name = "tzdata"
version = "2025.2"
source = { registry = "https://pypi.org/simple" }
sdist = { url = "https://files.pythonhosted.org/packages/95/32/1a225d6164441be760d75c2c42e2780dc0873fe382da3e98a2e1e48361e5/tzdata-2025.2.tar.gz", hash = "sha256:b60a638fcc0daffadf82fe0f57e53d06bdec2f36c4df66280ae79bce6bd6f2b9", size = 196380, upload-time = "2025-03-23T13:54:43.652Z" }
wheels = [
    { url = "https://files.pythonhosted.org/packages/5c/23/c7abc0ca0a1526a0774eca151daeb8de62ec457e77262b66b359c3c7679e/tzdata-2025.2-py2.py3-none-any.whl", hash = "sha256:1a403fada01ff9221ca8044d701868fa132215d84beb92242d9acd2147f667a8", size = 347839, upload-time = "2025-03-23T13:54:41.845Z" },
]

[[package]]
name = "urllib3"
version = "2.5.0"
source = { registry = "https://pypi.org/simple" }
sdist = { url = "https://files.pythonhosted.org/packages/15/22/9ee70a2574a4f4599c47dd506532914ce044817c7752a79b6a51286319bc/urllib3-2.5.0.tar.gz", hash = "sha256:3fc47733c7e419d4bc3f6b3dc2b4f890bb743906a30d56ba4a5bfa4bbff92760", size = 393185, upload-time = "2025-06-18T14:07:41.644Z" }
wheels = [
    { url = "https://files.pythonhosted.org/packages/a7/c2/fe1e52489ae3122415c51f387e221dd0773709bad6c6cdaa599e8a2c5185/urllib3-2.5.0-py3-none-any.whl", hash = "sha256:e6b01673c0fa6a13e374b50871808eb3bf7046c4b125b216f6bf1cc604cff0dc", size = 129795, upload-time = "2025-06-18T14:07:40.39Z" },
]
